// !$*UTF8*$!
{
	archiveVersion = 1;
	classes = {
	};
	objectVersion = 46;
	objects = {

/* Begin PBXBuildFile section */
		6A56E45B1C74519800513EF7 /* AppDelegate.swift in Sources */ = {isa = PBXBuildFile; fileRef = 6A56E45A1C74519800513EF7 /* AppDelegate.swift */; };
		6A56E45D1C74519800513EF7 /* ViewController.swift in Sources */ = {isa = PBXBuildFile; fileRef = 6A56E45C1C74519800513EF7 /* ViewController.swift */; };
		6A56E4601C74519800513EF7 /* Main.storyboard in Resources */ = {isa = PBXBuildFile; fileRef = 6A56E45E1C74519800513EF7 /* Main.storyboard */; };
		6A56E4621C74519800513EF7 /* Images.xcassets in Resources */ = {isa = PBXBuildFile; fileRef = 6A56E4611C74519800513EF7 /* Images.xcassets */; };
		6A56E4651C74519800513EF7 /* LaunchScreen.xib in Resources */ = {isa = PBXBuildFile; fileRef = 6A56E4631C74519800513EF7 /* LaunchScreen.xib */; };
		6A56E4711C74519800513EF7 /* SwiftDemoTests.swift in Sources */ = {isa = PBXBuildFile; fileRef = 6A56E4701C74519800513EF7 /* SwiftDemoTests.swift */; };
/* End PBXBuildFile section */

/* Begin PBXContainerItemProxy section */
		6A56E46B1C74519800513EF7 /* PBXContainerItemProxy */ = {
			isa = PBXContainerItemProxy;
			containerPortal = 6A56E44D1C74519800513EF7 /* Project object */;
			proxyType = 1;
			remoteGlobalIDString = 6A56E4541C74519800513EF7;
			remoteInfo = SwiftDemo;
		};
/* End PBXContainerItemProxy section */

/* Begin PBXFileReference section */
		6A56E4551C74519800513EF7 /* SwiftDemo.app */ = {isa = PBXFileReference; explicitFileType = wrapper.application; includeInIndex = 0; path = SwiftDemo.app; sourceTree = BUILT_PRODUCTS_DIR; };
		6A56E4591C74519800513EF7 /* Info.plist */ = {isa = PBXFileReference; lastKnownFileType = text.plist.xml; path = Info.plist; sourceTree = "<group>"; };
		6A56E45A1C74519800513EF7 /* AppDelegate.swift */ = {isa = PBXFileReference; lastKnownFileType = sourcecode.swift; path = AppDelegate.swift; sourceTree = "<group>"; };
		6A56E45C1C74519800513EF7 /* ViewController.swift */ = {isa = PBXFileReference; lastKnownFileType = sourcecode.swift; path = ViewController.swift; sourceTree = "<group>"; };
		6A56E45F1C74519800513EF7 /* Base */ = {isa = PBXFileReference; lastKnownFileType = file.storyboard; name = Base; path = Base.lproj/Main.storyboard; sourceTree = "<group>"; };
		6A56E4611C74519800513EF7 /* Images.xcassets */ = {isa = PBXFileReference; lastKnownFileType = folder.assetcatalog; path = Images.xcassets; sourceTree = "<group>"; };
		6A56E4641C74519800513EF7 /* Base */ = {isa = PBXFileReference; lastKnownFileType = file.xib; name = Base; path = Base.lproj/LaunchScreen.xib; sourceTree = "<group>"; };
		6A56E46A1C74519800513EF7 /* SwiftDemoTests.xctest */ = {isa = PBXFileReference; explicitFileType = wrapper.cfbundle; includeInIndex = 0; path = SwiftDemoTests.xctest; sourceTree = BUILT_PRODUCTS_DIR; };
		6A56E46F1C74519800513EF7 /* Info.plist */ = {isa = PBXFileReference; lastKnownFileType = text.plist.xml; path = Info.plist; sourceTree = "<group>"; };
		6A56E4701C74519800513EF7 /* SwiftDemoTests.swift */ = {isa = PBXFileReference; lastKnownFileType = sourcecode.swift; path = SwiftDemoTests.swift; sourceTree = "<group>"; };
/* End PBXFileReference section */

/* Begin PBXFrameworksBuildPhase section */
		6A56E4521C74519800513EF7 /* Frameworks */ = {
			isa = PBXFrameworksBuildPhase;
			buildActionMask = 2147483647;
			files = (
			);
			runOnlyForDeploymentPostprocessing = 0;
		};
		6A56E4671C74519800513EF7 /* Frameworks */ = {
			isa = PBXFrameworksBuildPhase;
			buildActionMask = 2147483647;
			files = (
			);
			runOnlyForDeploymentPostprocessing = 0;
		};
/* End PBXFrameworksBuildPhase section */

/* Begin PBXGroup section */
		6A56E44C1C74519800513EF7 = {
			isa = PBXGroup;
			children = (
				6A56E4571C74519800513EF7 /* SwiftDemo */,
				6A56E46D1C74519800513EF7 /* SwiftDemoTests */,
				6A56E4561C74519800513EF7 /* Products */,
			);
			sourceTree = "<group>";
		};
		6A56E4561C74519800513EF7 /* Products */ = {
			isa = PBXGroup;
			children = (
				6A56E4551C74519800513EF7 /* SwiftDemo.app */,
				6A56E46A1C74519800513EF7 /* SwiftDemoTests.xctest */,
			);
			name = Products;
			sourceTree = "<group>";
		};
		6A56E4571C74519800513EF7 /* SwiftDemo */ = {
			isa = PBXGroup;
			children = (
				6A56E45A1C74519800513EF7 /* AppDelegate.swift */,
				6A56E45C1C74519800513EF7 /* ViewController.swift */,
				6A56E45E1C74519800513EF7 /* Main.storyboard */,
				6A56E4611C74519800513EF7 /* Images.xcassets */,
				6A56E4631C74519800513EF7 /* LaunchScreen.xib */,
				6A56E4581C74519800513EF7 /* Supporting Files */,
			);
			path = SwiftDemo;
			sourceTree = "<group>";
		};
		6A56E4581C74519800513EF7 /* Supporting Files */ = {
			isa = PBXGroup;
			children = (
				6A56E4591C74519800513EF7 /* Info.plist */,
			);
			name = "Supporting Files";
			sourceTree = "<group>";
		};
		6A56E46D1C74519800513EF7 /* SwiftDemoTests */ = {
			isa = PBXGroup;
			children = (
				6A56E4701C74519800513EF7 /* SwiftDemoTests.swift */,
				6A56E46E1C74519800513EF7 /* Supporting Files */,
			);
			path = SwiftDemoTests;
			sourceTree = "<group>";
		};
		6A56E46E1C74519800513EF7 /* Supporting Files */ = {
			isa = PBXGroup;
			children = (
				6A56E46F1C74519800513EF7 /* Info.plist */,
			);
			name = "Supporting Files";
			sourceTree = "<group>";
		};
/* End PBXGroup section */

/* Begin PBXNativeTarget section */
		6A56E4541C74519800513EF7 /* SwiftDemo */ = {
			isa = PBXNativeTarget;
			buildConfigurationList = 6A56E4741C74519800513EF7 /* Build configuration list for PBXNativeTarget "SwiftDemo" */;
			buildPhases = (
				6A56E4511C74519800513EF7 /* Sources */,
				6A56E4521C74519800513EF7 /* Frameworks */,
				6A56E4531C74519800513EF7 /* Resources */,
			);
			buildRules = (
			);
			dependencies = (
			);
			name = SwiftDemo;
			productName = SwiftDemo;
			productReference = 6A56E4551C74519800513EF7 /* SwiftDemo.app */;
			productType = "com.apple.product-type.application";
		};
		6A56E4691C74519800513EF7 /* SwiftDemoTests */ = {
			isa = PBXNativeTarget;
			buildConfigurationList = 6A56E4771C74519800513EF7 /* Build configuration list for PBXNativeTarget "SwiftDemoTests" */;
			buildPhases = (
				6A56E4661C74519800513EF7 /* Sources */,
				6A56E4671C74519800513EF7 /* Frameworks */,
				6A56E4681C74519800513EF7 /* Resources */,
			);
			buildRules = (
			);
			dependencies = (
				6A56E46C1C74519800513EF7 /* PBXTargetDependency */,
			);
			name = SwiftDemoTests;
			productName = SwiftDemoTests;
			productReference = 6A56E46A1C74519800513EF7 /* SwiftDemoTests.xctest */;
			productType = "com.apple.product-type.bundle.unit-test";
		};
/* End PBXNativeTarget section */

/* Begin PBXProject section */
		6A56E44D1C74519800513EF7 /* Project object */ = {
			isa = PBXProject;
			attributes = {
				LastSwiftUpdateCheck = 0730;
				LastUpgradeCheck = 0640;
				ORGANIZATIONNAME = TuLigen;
				TargetAttributes = {
					6A56E4541C74519800513EF7 = {
						CreatedOnToolsVersion = 6.4;
					};
					6A56E4691C74519800513EF7 = {
						CreatedOnToolsVersion = 6.4;
						TestTargetID = 6A56E4541C74519800513EF7;
					};
				};
			};
			buildConfigurationList = 6A56E4501C74519800513EF7 /* Build configuration list for PBXProject "SwiftDemo" */;
			compatibilityVersion = "Xcode 3.2";
			developmentRegion = English;
			hasScannedForEncodings = 0;
			knownRegions = (
				en,
				Base,
			);
			mainGroup = 6A56E44C1C74519800513EF7;
			productRefGroup = 6A56E4561C74519800513EF7 /* Products */;
			projectDirPath = "";
			projectRoot = "";
			targets = (
				6A56E4541C74519800513EF7 /* SwiftDemo */,
				6A56E4691C74519800513EF7 /* SwiftDemoTests */,
			);
		};
/* End PBXProject section */

/* Begin PBXResourcesBuildPhase section */
		6A56E4531C74519800513EF7 /* Resources */ = {
			isa = PBXResourcesBuildPhase;
			buildActionMask = 2147483647;
			files = (
				6A56E4601C74519800513EF7 /* Main.storyboard in Resources */,
				6A56E4651C74519800513EF7 /* LaunchScreen.xib in Resources */,
				6A56E4621C74519800513EF7 /* Images.xcassets in Resources */,
			);
			runOnlyForDeploymentPostprocessing = 0;
		};
		6A56E4681C74519800513EF7 /* Resources */ = {
			isa = PBXResourcesBuildPhase;
			buildActionMask = 2147483647;
			files = (
			);
			runOnlyForDeploymentPostprocessing = 0;
		};
/* End PBXResourcesBuildPhase section */

/* Begin PBXSourcesBuildPhase section */
		6A56E4511C74519800513EF7 /* Sources */ = {
			isa = PBXSourcesBuildPhase;
			buildActionMask = 2147483647;
			files = (
				6A56E45D1C74519800513EF7 /* ViewController.swift in Sources */,
				6A56E45B1C74519800513EF7 /* AppDelegate.swift in Sources */,
			);
			runOnlyForDeploymentPostprocessing = 0;
		};
		6A56E4661C74519800513EF7 /* Sources */ = {
			isa = PBXSourcesBuildPhase;
			buildActionMask = 2147483647;
			files = (
				6A56E4711C74519800513EF7 /* SwiftDemoTests.swift in Sources */,
			);
			runOnlyForDeploymentPostprocessing = 0;
		};
/* End PBXSourcesBuildPhase section */

/* Begin PBXTargetDependency section */
		6A56E46C1C74519800513EF7 /* PBXTargetDependency */ = {
			isa = PBXTargetDependency;
			target = 6A56E4541C74519800513EF7 /* SwiftDemo */;
			targetProxy = 6A56E46B1C74519800513EF7 /* PBXContainerItemProxy */;
		};
/* End PBXTargetDependency section */

/* Begin PBXVariantGroup section */
		6A56E45E1C74519800513EF7 /* Main.storyboard */ = {
			isa = PBXVariantGroup;
			children = (
				6A56E45F1C74519800513EF7 /* Base */,
			);
			name = Main.storyboard;
			sourceTree = "<group>";
		};
		6A56E4631C74519800513EF7 /* LaunchScreen.xib */ = {
			isa = PBXVariantGroup;
			children = (
				6A56E4641C74519800513EF7 /* Base */,
			);
			name = LaunchScreen.xib;
			sourceTree = "<group>";
		};
/* End PBXVariantGroup section */

/* Begin XCBuildConfiguration section */
		6A56E4721C74519800513EF7 /* Debug */ = {
			isa = XCBuildConfiguration;
			buildSettings = {
				ALWAYS_SEARCH_USER_PATHS = NO;
				CLANG_CXX_LANGUAGE_STANDARD = "gnu++0x";
				CLANG_CXX_LIBRARY = "libc++";
				CLANG_ENABLE_MODULES = YES;
				CLANG_ENABLE_OBJC_ARC = YES;
				CLANG_WARN_BOOL_CONVERSION = YES;
				CLANG_WARN_CONSTANT_CONVERSION = YES;
				CLANG_WARN_DIRECT_OBJC_ISA_USAGE = YES_ERROR;
				CLANG_WARN_EMPTY_BODY = YES;
				CLANG_WARN_ENUM_CONVERSION = YES;
				CLANG_WARN_INT_CONVERSION = YES;
				CLANG_WARN_OBJC_ROOT_CLASS = YES_ERROR;
				CLANG_WARN_UNREACHABLE_CODE = YES;
				CLANG_WARN__DUPLICATE_METHOD_MATCH = YES;
				"CODE_SIGN_IDENTITY[sdk=iphoneos*]" = "iPhone Developer";
				COPY_PHASE_STRIP = NO;
				DEBUG_INFORMATION_FORMAT = "dwarf-with-dsym";
				ENABLE_STRICT_OBJC_MSGSEND = YES;
				GCC_C_LANGUAGE_STANDARD = gnu99;
				GCC_DYNAMIC_NO_PIC = NO;
				GCC_NO_COMMON_BLOCKS = YES;
				GCC_OPTIMIZATION_LEVEL = 0;
				GCC_PREPROCESSOR_DEFINITIONS = (
					"DEBUG=1",
					"$(inherited)",
				);
				GCC_SYMBOLS_PRIVATE_EXTERN = NO;
				GCC_WARN_64_TO_32_BIT_CONVERSION = YES;
				GCC_WARN_ABOUT_RETURN_TYPE = YES_ERROR;
				GCC_WARN_UNDECLARED_SELECTOR = YES;
				GCC_WARN_UNINITIALIZED_AUTOS = YES_AGGRESSIVE;
				GCC_WARN_UNUSED_FUNCTION = YES;
				GCC_WARN_UNUSED_VARIABLE = YES;
				IPHONEOS_DEPLOYMENT_TARGET = 8.4;
				MTL_ENABLE_DEBUG_INFO = YES;
				ONLY_ACTIVE_ARCH = YES;
				SDKROOT = iphoneos;
				SWIFT_OPTIMIZATION_LEVEL = "-Onone";
			};
			name = Debug;
		};
		6A56E4731C74519800513EF7 /* Release */ = {
			isa = XCBuildConfiguration;
			buildSettings = {
				ALWAYS_SEARCH_USER_PATHS = NO;
				CLANG_CXX_LANGUAGE_STANDARD = "gnu++0x";
				CLANG_CXX_LIBRARY = "libc++";
				CLANG_ENABLE_MODULES = YES;
				CLANG_ENABLE_OBJC_ARC = YES;
				CLANG_WARN_BOOL_CONVERSION = YES;
				CLANG_WARN_CONSTANT_CONVERSION = YES;
				CLANG_WARN_DIRECT_OBJC_ISA_USAGE = YES_ERROR;
				CLANG_WARN_EMPTY_BODY = YES;
				CLANG_WARN_ENUM_CONVERSION = YES;
				CLANG_WARN_INT_CONVERSION = YES;
				CLANG_WARN_OBJC_ROOT_CLASS = YES_ERROR;
				CLANG_WARN_UNREACHABLE_CODE = YES;
				CLANG_WARN__DUPLICATE_METHOD_MATCH = YES;
				"CODE_SIGN_IDENTITY[sdk=iphoneos*]" = "iPhone Developer";
				COPY_PHASE_STRIP = NO;
				DEBUG_INFORMATION_FORMAT = "dwarf-with-dsym";
				ENABLE_NS_ASSERTIONS = NO;
				ENABLE_STRICT_OBJC_MSGSEND = YES;
				GCC_C_LANGUAGE_STANDARD = gnu99;
				GCC_NO_COMMON_BLOCKS = YES;
				GCC_WARN_64_TO_32_BIT_CONVERSION = YES;
				GCC_WARN_ABOUT_RETURN_TYPE = YES_ERROR;
				GCC_WARN_UNDECLARED_SELECTOR = YES;
				GCC_WARN_UNINITIALIZED_AUTOS = YES_AGGRESSIVE;
				GCC_WARN_UNUSED_FUNCTION = YES;
				GCC_WARN_UNUSED_VARIABLE = YES;
				IPHONEOS_DEPLOYMENT_TARGET = 8.4;
				MTL_ENABLE_DEBUG_INFO = NO;
				SDKROOT = iphoneos;
				VALIDATE_PRODUCT = YES;
			};
			name = Release;
		};
		6A56E4751C74519800513EF7 /* Debug */ = {
			isa = XCBuildConfiguration;
			buildSettings = {
				ASSETCATALOG_COMPILER_APPICON_NAME = AppIcon;
				INFOPLIST_FILE = SwiftDemo/Info.plist;
				LD_RUNPATH_SEARCH_PATHS = "$(inherited) @executable_path/Frameworks";
				PRODUCT_NAME = "$(TARGET_NAME)";
			};
			name = Debug;
		};
		6A56E4761C74519800513EF7 /* Release */ = {
			isa = XCBuildConfiguration;
			buildSettings = {
				ASSETCATALOG_COMPILER_APPICON_NAME = AppIcon;
				INFOPLIST_FILE = SwiftDemo/Info.plist;
				LD_RUNPATH_SEARCH_PATHS = "$(inherited) @executable_path/Frameworks";
				PRODUCT_NAME = "$(TARGET_NAME)";
			};
			name = Release;
		};
		6A56E4781C74519800513EF7 /* Debug */ = {
			isa = XCBuildConfiguration;
			buildSettings = {
				BUNDLE_LOADER = "$(TEST_HOST)";
				FRAMEWORK_SEARCH_PATHS = (
					"$(SDKROOT)/Developer/Library/Frameworks",
					"$(inherited)",
				);
				GCC_PREPROCESSOR_DEFINITIONS = (
					"DEBUG=1",
					"$(inherited)",
				);
				INFOPLIST_FILE = SwiftDemoTests/Info.plist;
				LD_RUNPATH_SEARCH_PATHS = "$(inherited) @executable_path/Frameworks @loader_path/Frameworks";
				PRODUCT_NAME = "$(TARGET_NAME)";
				TEST_HOST = "$(BUILT_PRODUCTS_DIR)/SwiftDemo.app/SwiftDemo";
			};
			name = Debug;
		};
		6A56E4791C74519800513EF7 /* Release */ = {
			isa = XCBuildConfiguration;
			buildSettings = {
				BUNDLE_LOADER = "$(TEST_HOST)";
				FRAMEWORK_SEARCH_PATHS = (
					"$(SDKROOT)/Developer/Library/Frameworks",
					"$(inherited)",
				);
				INFOPLIST_FILE = SwiftDemoTests/Info.plist;
				LD_RUNPATH_SEARCH_PATHS = "$(inherited) @executable_path/Frameworks @loader_path/Frameworks";
				PRODUCT_NAME = "$(TARGET_NAME)";
				TEST_HOST = "$(BUILT_PRODUCTS_DIR)/SwiftDemo.app/SwiftDemo";
			};
			name = Release;
		};
/* End XCBuildConfiguration section */

/* Begin XCConfigurationList section */
		6A56E4501C74519800513EF7 /* Build configuration list for PBXProject "SwiftDemo" */ = {
			isa = XCConfigurationList;
			buildConfigurations = (
				6A56E4721C74519800513EF7 /* Debug */,
				6A56E4731C74519800513EF7 /* Release */,
			);
			defaultConfigurationIsVisible = 0;
			defaultConfigurationName = Release;
		};
		6A56E4741C74519800513EF7 /* Build configuration list for PBXNativeTarget "SwiftDemo" */ = {
			isa = XCConfigurationList;
			buildConfigurations = (
				6A56E4751C74519800513EF7 /* Debug */,
				6A56E4761C74519800513EF7 /* Release */,
			);
			defaultConfigurationIsVisible = 0;
			defaultConfigurationName = Release;
		};
		6A56E4771C74519800513EF7 /* Build configuration list for PBXNativeTarget "SwiftDemoTests" */ = {
			isa = XCConfigurationList;
			buildConfigurations = (
				6A56E4781C74519800513EF7 /* Debug */,
				6A56E4791C74519800513EF7 /* Release */,
			);
			defaultConfigurationIsVisible = 0;
			defaultConfigurationName = Release;
		};
/* End XCConfigurationList section */
	};
	rootObject = 6A56E44D1C74519800513EF7 /* Project object */;
}
